
Microsoft Visual Studio Solution File, Format Version 11.00
# Visual Studio 2010
Project("{FAE04EC0-301F-11D3-BF4B-00C04F79EFBC}") = "hungry_iphone", "Assembly-CSharp-firstpass.csproj", "{2C0AA720-65FB-7277-339D-F2AB934E9B60}"
EndProject
Project("{FAE04EC0-301F-11D3-BF4B-00C04F79EFBC}") = "hungry_iphone", "Assembly-CSharp.csproj", "{96685DA2-4136-21CE-7F0C-AFE93F87ED84}"
EndProject
Project("{FAE04EC0-301F-11D3-BF4B-00C04F79EFBC}") = "hungry_iphone", "Assembly-CSharp-Editor.csproj", "{078802DE-6096-5DB5-F4DC-CD959E76476D}"
EndProject
Global
	GlobalSection(SolutionConfigurationPlatforms) = preSolution
		Debug|Any CPU = Debug|Any CPU
		Release|Any CPU = Release|Any CPU
	EndGlobalSection
	GlobalSection(ProjectConfigurationPlatforms) = postSolution
		{2C0AA720-65FB-7277-339D-F2AB934E9B60}.Debug|Any CPU.ActiveCfg = Debug|Any CPU
		{2C0AA720-65FB-7277-339D-F2AB934E9B60}.Debug|Any CPU.Build.0 = Debug|Any CPU
		{2C0AA720-65FB-7277-339D-F2AB934E9B60}.Release|Any CPU.ActiveCfg = Release|Any CPU
		{2C0AA720-65FB-7277-339D-F2AB934E9B60}.Release|Any CPU.Build.0 = Release|Any CPU
		{96685DA2-4136-21CE-7F0C-AFE93F87ED84}.Debug|Any CPU.ActiveCfg = Debug|Any CPU
		{96685DA2-4136-21CE-7F0C-AFE93F87ED84}.Debug|Any CPU.Build.0 = Debug|Any CPU
		{96685DA2-4136-21CE-7F0C-AFE93F87ED84}.Release|Any CPU.ActiveCfg = Release|Any CPU
		{96685DA2-4136-21CE-7F0C-AFE93F87ED84}.Release|Any CPU.Build.0 = Release|Any CPU
		{078802DE-6096-5DB5-F4DC-CD959E76476D}.Debug|Any CPU.ActiveCfg = Debug|Any CPU
		{078802DE-6096-5DB5-F4DC-CD959E76476D}.Debug|Any CPU.Build.0 = Debug|Any CPU
		{078802DE-6096-5DB5-F4DC-CD959E76476D}.Release|Any CPU.ActiveCfg = Release|Any CPU
		{078802DE-6096-5DB5-F4DC-CD959E76476D}.Release|Any CPU.Build.0 = Release|Any CPU
	EndGlobalSection
	GlobalSection(SolutionProperties) = preSolution
		HideSolutionNode = FALSE
	EndGlobalSection
	GlobalSection(MonoDevelopProperties) = preSolution
		StartupItem = Assembly-CSharp.csproj
	EndGlobalSection
EndGlobal
